
Microsoft Visual Studio Solution File, Format Version 12.00
# Visual Studio 15
VisualStudioVersion = 15.0.28307.168
MinimumVisualStudioVersion = 10.0.40219.1
Project("{FAE04EC0-301F-11D3-BF4B-00C04F79EFBC}") = "WebApp", "WebApp\WebApp.csproj", "{226D25D7-D9A7-4DAD-9664-50B16CC472DE}"
EndProject
Project("{FAE04EC0-301F-11D3-BF4B-00C04F79EFBC}") = "WebApp.Services", "WebApp.Services\WebApp.Services.csproj", "{83BB0D81-453D-4F32-9BE8-78CCEBF4D547}"
EndProject
Project("{FAE04EC0-301F-11D3-BF4B-00C04F79EFBC}") = "WebApp.Models", "WebApp.Models\WebApp.Models.csproj", "{49FA437B-835A-4704-A242-80047FC0DC55}"
EndProject
Global
	GlobalSection(SolutionConfigurationPlatforms) = preSolution
		Debug|Any CPU = Debug|Any CPU
		Release|Any CPU = Release|Any CPU
	EndGlobalSection
	GlobalSection(ProjectConfigurationPlatforms) = postSolution
		{226D25D7-D9A7-4DAD-9664-50B16CC472DE}.Debug|Any CPU.ActiveCfg = Debug|Any CPU
		{226D25D7-D9A7-4DAD-9664-50B16CC472DE}.Debug|Any CPU.Build.0 = Debug|Any CPU
		{226D25D7-D9A7-4DAD-9664-50B16CC472DE}.Release|Any CPU.ActiveCfg = Release|Any CPU
		{226D25D7-D9A7-4DAD-9664-50B16CC472DE}.Release|Any CPU.Build.0 = Release|Any CPU
		{83BB0D81-453D-4F32-9BE8-78CCEBF4D547}.Debug|Any CPU.ActiveCfg = Debug|Any CPU
		{83BB0D81-453D-4F32-9BE8-78CCEBF4D547}.Debug|Any CPU.Build.0 = Debug|Any CPU
		{83BB0D81-453D-4F32-9BE8-78CCEBF4D547}.Release|Any CPU.ActiveCfg = Release|Any CPU
		{83BB0D81-453D-4F32-9BE8-78CCEBF4D547}.Release|Any CPU.Build.0 = Release|Any CPU
		{49FA437B-835A-4704-A242-80047FC0DC55}.Debug|Any CPU.ActiveCfg = Debug|Any CPU
		{49FA437B-835A-4704-A242-80047FC0DC55}.Debug|Any CPU.Build.0 = Debug|Any CPU
		{49FA437B-835A-4704-A242-80047FC0DC55}.Release|Any CPU.ActiveCfg = Release|Any CPU
		{49FA437B-835A-4704-A242-80047FC0DC55}.Release|Any CPU.Build.0 = Release|Any CPU
	EndGlobalSection
	GlobalSection(SolutionProperties) = preSolution
		HideSolutionNode = FALSE
	EndGlobalSection
	GlobalSection(ExtensibilityGlobals) = postSolution
		SolutionGuid = {F1469C5D-DFD9-4D4D-8F8A-78E9B6185FF3}
	EndGlobalSection
EndGlobal
